
Microsoft Visual Studio Solution File, Format Version 12.00
# Visual Studio 2012
Project("{8BC9CEB8-8B4A-11D0-8D11-00A0C91BC942}") = "OSG_Tutorial", "OSG_Tutorial\OSG_Tutorial.vcxproj", "{73BCCF7A-F201-4005-A8A2-E7529C257DAD}"
EndProject
Project("{8BC9CEB8-8B4A-11D0-8D11-00A0C91BC942}") = "Tutorial_01", "Tutorial_01\Tutorial_01.vcxproj", "{72F4941F-76B7-4F36-971E-044A0074A339}"
EndProject
Project("{8BC9CEB8-8B4A-11D0-8D11-00A0C91BC942}") = "Tutorial_02", "Tutorial_02\Tutorial_02.vcxproj", "{BC36D22F-CA3F-4BCA-B425-60A974AAA9E6}"
EndProject
Project("{8BC9CEB8-8B4A-11D0-8D11-00A0C91BC942}") = "Tutorial_03", "Tutorial_03\Tutorial_03.vcxproj", "{4CAAAFCF-98E3-431D-8F21-1F3A3DE49C72}"
EndProject
Project("{8BC9CEB8-8B4A-11D0-8D11-00A0C91BC942}") = "Tutorial_04", "Tutorial_04\Tutorial_04.vcxproj", "{5128182C-EFD1-42AF-BF52-3ACBA04D2F2B}"
EndProject
Project("{8BC9CEB8-8B4A-11D0-8D11-00A0C91BC942}") = "Tutorial_05", "Tutorial_05\Tutorial_05.vcxproj", "{4D2AE619-B4D3-40FF-9A0B-681342EBB446}"
EndProject
Project("{8BC9CEB8-8B4A-11D0-8D11-00A0C91BC942}") = "Tutorial_06", "Tutorial_06\Tutorial_06.vcxproj", "{EEE0B36C-31F7-4117-AD68-70CCD5E62796}"
EndProject
Project("{8BC9CEB8-8B4A-11D0-8D11-00A0C91BC942}") = "Tutorial_07", "Tutorial_07\Tutorial_07.vcxproj", "{7DA4C771-CF7E-46C7-A4F3-B1FCD760C668}"
EndProject
Project("{8BC9CEB8-8B4A-11D0-8D11-00A0C91BC942}") = "Tutorial_08", "Tutorial_08\Tutorial_08.vcxproj", "{46FA7B10-B846-40DB-B8E6-79294C34F686}"
EndProject
Project("{8BC9CEB8-8B4A-11D0-8D11-00A0C91BC942}") = "Tutorial_09", "Tutorial_09\Tutorial_09.vcxproj", "{9CECA66F-C268-4425-9803-801BDDAE8174}"
EndProject
Project("{8BC9CEB8-8B4A-11D0-8D11-00A0C91BC942}") = "Tutorial_10", "Tutorial_10\Tutorial_10.vcxproj", "{BE228DC8-E9AF-46FC-A479-7C592435C2A5}"
EndProject
Project("{8BC9CEB8-8B4A-11D0-8D11-00A0C91BC942}") = "Tutorial_11", "Tutorial_11\Tutorial_11.vcxproj", "{12FEC8D6-BF55-461E-A3EC-DCE13F87FBB9}"
EndProject
Project("{8BC9CEB8-8B4A-11D0-8D11-00A0C91BC942}") = "Tutorial_12", "Tutorial_12\Tutorial_12.vcxproj", "{C83F185D-38E6-4B53-8D11-580281F8F676}"
EndProject
Global
	GlobalSection(SolutionConfigurationPlatforms) = preSolution
		Debug|Win32 = Debug|Win32
		Release|Win32 = Release|Win32
	EndGlobalSection
	GlobalSection(ProjectConfigurationPlatforms) = postSolution
		{73BCCF7A-F201-4005-A8A2-E7529C257DAD}.Debug|Win32.ActiveCfg = Debug|Win32
		{73BCCF7A-F201-4005-A8A2-E7529C257DAD}.Debug|Win32.Build.0 = Debug|Win32
		{73BCCF7A-F201-4005-A8A2-E7529C257DAD}.Release|Win32.ActiveCfg = Release|Win32
		{73BCCF7A-F201-4005-A8A2-E7529C257DAD}.Release|Win32.Build.0 = Release|Win32
		{72F4941F-76B7-4F36-971E-044A0074A339}.Debug|Win32.ActiveCfg = Debug|Win32
		{72F4941F-76B7-4F36-971E-044A0074A339}.Debug|Win32.Build.0 = Debug|Win32
		{72F4941F-76B7-4F36-971E-044A0074A339}.Release|Win32.ActiveCfg = Release|Win32
		{72F4941F-76B7-4F36-971E-044A0074A339}.Release|Win32.Build.0 = Release|Win32
		{BC36D22F-CA3F-4BCA-B425-60A974AAA9E6}.Debug|Win32.ActiveCfg = Debug|Win32
		{BC36D22F-CA3F-4BCA-B425-60A974AAA9E6}.Debug|Win32.Build.0 = Debug|Win32
		{BC36D22F-CA3F-4BCA-B425-60A974AAA9E6}.Release|Win32.ActiveCfg = Release|Win32
		{BC36D22F-CA3F-4BCA-B425-60A974AAA9E6}.Release|Win32.Build.0 = Release|Win32
		{4CAAAFCF-98E3-431D-8F21-1F3A3DE49C72}.Debug|Win32.ActiveCfg = Debug|Win32
		{4CAAAFCF-98E3-431D-8F21-1F3A3DE49C72}.Debug|Win32.Build.0 = Debug|Win32
		{4CAAAFCF-98E3-431D-8F21-1F3A3DE49C72}.Release|Win32.ActiveCfg = Release|Win32
		{4CAAAFCF-98E3-431D-8F21-1F3A3DE49C72}.Release|Win32.Build.0 = Release|Win32
		{5128182C-EFD1-42AF-BF52-3ACBA04D2F2B}.Debug|Win32.ActiveCfg = Debug|Win32
		{5128182C-EFD1-42AF-BF52-3ACBA04D2F2B}.Debug|Win32.Build.0 = Debug|Win32
		{5128182C-EFD1-42AF-BF52-3ACBA04D2F2B}.Release|Win32.ActiveCfg = Release|Win32
		{5128182C-EFD1-42AF-BF52-3ACBA04D2F2B}.Release|Win32.Build.0 = Release|Win32
		{4D2AE619-B4D3-40FF-9A0B-681342EBB446}.Debug|Win32.ActiveCfg = Debug|Win32
		{4D2AE619-B4D3-40FF-9A0B-681342EBB446}.Debug|Win32.Build.0 = Debug|Win32
		{4D2AE619-B4D3-40FF-9A0B-681342EBB446}.Release|Win32.ActiveCfg = Release|Win32
		{4D2AE619-B4D3-40FF-9A0B-681342EBB446}.Release|Win32.Build.0 = Release|Win32
		{EEE0B36C-31F7-4117-AD68-70CCD5E62796}.Debug|Win32.ActiveCfg = Debug|Win32
		{EEE0B36C-31F7-4117-AD68-70CCD5E62796}.Debug|Win32.Build.0 = Debug|Win32
		{EEE0B36C-31F7-4117-AD68-70CCD5E62796}.Release|Win32.ActiveCfg = Release|Win32
		{EEE0B36C-31F7-4117-AD68-70CCD5E62796}.Release|Win32.Build.0 = Release|Win32
		{7DA4C771-CF7E-46C7-A4F3-B1FCD760C668}.Debug|Win32.ActiveCfg = Debug|Win32
		{7DA4C771-CF7E-46C7-A4F3-B1FCD760C668}.Debug|Win32.Build.0 = Debug|Win32
		{7DA4C771-CF7E-46C7-A4F3-B1FCD760C668}.Release|Win32.ActiveCfg = Release|Win32
		{7DA4C771-CF7E-46C7-A4F3-B1FCD760C668}.Release|Win32.Build.0 = Release|Win32
		{46FA7B10-B846-40DB-B8E6-79294C34F686}.Debug|Win32.ActiveCfg = Debug|Win32
		{46FA7B10-B846-40DB-B8E6-79294C34F686}.Debug|Win32.Build.0 = Debug|Win32
		{46FA7B10-B846-40DB-B8E6-79294C34F686}.Release|Win32.ActiveCfg = Release|Win32
		{46FA7B10-B846-40DB-B8E6-79294C34F686}.Release|Win32.Build.0 = Release|Win32
		{9CECA66F-C268-4425-9803-801BDDAE8174}.Debug|Win32.ActiveCfg = Debug|Win32
		{9CECA66F-C268-4425-9803-801BDDAE8174}.Debug|Win32.Build.0 = Debug|Win32
		{9CECA66F-C268-4425-9803-801BDDAE8174}.Release|Win32.ActiveCfg = Release|Win32
		{9CECA66F-C268-4425-9803-801BDDAE8174}.Release|Win32.Build.0 = Release|Win32
		{BE228DC8-E9AF-46FC-A479-7C592435C2A5}.Debug|Win32.ActiveCfg = Debug|Win32
		{BE228DC8-E9AF-46FC-A479-7C592435C2A5}.Debug|Win32.Build.0 = Debug|Win32
		{BE228DC8-E9AF-46FC-A479-7C592435C2A5}.Release|Win32.ActiveCfg = Release|Win32
		{BE228DC8-E9AF-46FC-A479-7C592435C2A5}.Release|Win32.Build.0 = Release|Win32
		{12FEC8D6-BF55-461E-A3EC-DCE13F87FBB9}.Debug|Win32.ActiveCfg = Debug|Win32
		{12FEC8D6-BF55-461E-A3EC-DCE13F87FBB9}.Debug|Win32.Build.0 = Debug|Win32
		{12FEC8D6-BF55-461E-A3EC-DCE13F87FBB9}.Release|Win32.ActiveCfg = Release|Win32
		{12FEC8D6-BF55-461E-A3EC-DCE13F87FBB9}.Release|Win32.Build.0 = Release|Win32
		{C83F185D-38E6-4B53-8D11-580281F8F676}.Debug|Win32.ActiveCfg = Debug|Win32
		{C83F185D-38E6-4B53-8D11-580281F8F676}.Debug|Win32.Build.0 = Debug|Win32
		{C83F185D-38E6-4B53-8D11-580281F8F676}.Release|Win32.ActiveCfg = Release|Win32
		{C83F185D-38E6-4B53-8D11-580281F8F676}.Release|Win32.Build.0 = Release|Win32
	EndGlobalSection
	GlobalSection(SolutionProperties) = preSolution
		HideSolutionNode = FALSE
	EndGlobalSection
EndGlobal
