
Microsoft Visual Studio Solution File, Format Version 12.00
# Visual Studio 2012
Project("{8BC9CEB8-8B4A-11D0-8D11-00A0C91BC942}") = "OSG_Tutorial", "OSG_Tutorial\OSG_Tutorial.vcxproj", "{73BCCF7A-F201-4005-A8A2-E7529C257DAD}"
EndProject
Project("{8BC9CEB8-8B4A-11D0-8D11-00A0C91BC942}") = "Tutorial_01", "Tutorial_01\Tutorial_01.vcxproj", "{72F4941F-76B7-4F36-971E-044A0074A339}"
EndProject
Project("{8BC9CEB8-8B4A-11D0-8D11-00A0C91BC942}") = "Tutorial_02", "Tutorial_02\Tutorial_02.vcxproj", "{BC36D22F-CA3F-4BCA-B425-60A974AAA9E6}"
EndProject
Project("{8BC9CEB8-8B4A-11D0-8D11-00A0C91BC942}") = "Tutorial_03", "Tutorial_03\Tutorial_03.vcxproj", "{4CAAAFCF-98E3-431D-8F21-1F3A3DE49C72}"
EndProject
Project("{8BC9CEB8-8B4A-11D0-8D11-00A0C91BC942}") = "Tutorial_04", "Tutorial_04\Tutorial_04.vcxproj", "{5128182C-EFD1-42AF-BF52-3ACBA04D2F2B}"
EndProject
Project("{8BC9CEB8-8B4A-11D0-8D11-00A0C91BC942}") = "Tutorial_05", "Tutorial_05\Tutorial_05.vcxproj", "{4D2AE619-B4D3-40FF-9A0B-681342EBB446}"
EndProject
Project("{8BC9CEB8-8B4A-11D0-8D11-00A0C91BC942}") = "Tutorial_06", "Tutorial_06\Tutorial_06.vcxproj", "{EEE0B36C-31F7-4117-AD68-70CCD5E62796}"
EndProject
Project("{8BC9CEB8-8B4A-11D0-8D11-00A0C91BC942}") = "Tutorial_07", "Tutorial_07\Tutorial_07.vcxproj", "{7DA4C771-CF7E-46C7-A4F3-B1FCD760C668}"
EndProject
Project("{8BC9CEB8-8B4A-11D0-8D11-00A0C91BC942}") = "Tutorial_08", "Tutorial_08\Tutorial_08.vcxproj", "{46FA7B10-B846-40DB-B8E6-79294C34F686}"
EndProject
Project("{8BC9CEB8-8B4A-11D0-8D11-00A0C91BC942}") = "Tutorial_09", "Tutorial_09\Tutorial_09.vcxproj", "{9CECA66F-C268-4425-9803-801BDDAE8174}"
EndProject
Project("{8BC9CEB8-8B4A-11D0-8D11-00A0C91BC942}") = "Tutorial_10", "Tutorial_10\Tutorial_10.vcxproj", "{BE228DC8-E9AF-46FC-A479-7C592435C2A5}"
EndProject
Project("{8BC9CEB8-8B4A-11D0-8D11-00A0C91BC942}") = "Tutorial_11", "Tutorial_11\Tutorial_11.vcxproj", "{12FEC8D6-BF55-461E-A3EC-DCE13F87FBB9}"
EndProject
Project("{8BC9CEB8-8B4A-11D0-8D11-00A0C91BC942}") = "Tutorial_12", "Tutorial_12\Tutorial_12.vcxproj", "{C83F185D-38E6-4B53-8D11-580281F8F676}"
EndProject
Project("{8BC9CEB8-8B4A-11D0-8D11-00A0C91BC942}") = "Tutorial_13", "Tutorial_13\Tutorial_13.vcxproj", "{88A8BB00-6AD8-4F43-8932-1062B661457F}"
EndProject
Project("{8BC9CEB8-8B4A-11D0-8D11-00A0C91BC942}") = "Tutorial_14", "Tutorial_14\Tutorial_14.vcxproj", "{3D570BFD-4FA8-404D-9889-298E9C3AFD7C}"
EndProject
Project("{8BC9CEB8-8B4A-11D0-8D11-00A0C91BC942}") = "Tutorial_15", "Tutorial_15\Tutorial_15.vcxproj", "{7E9AC915-8F79-405D-ACEE-0537D347D820}"
EndProject
Project("{8BC9CEB8-8B4A-11D0-8D11-00A0C91BC942}") = "Tutorial_16", "Tutorial_16\Tutorial_16.vcxproj", "{B1CFE4F4-4306-4C45-AB64-F6AC331AA5F3}"
EndProject
Project("{8BC9CEB8-8B4A-11D0-8D11-00A0C91BC942}") = "Tutorial_17", "Tutorial_17\Tutorial_17.vcxproj", "{894D69BB-1908-42A5-BA68-1CE688171026}"
EndProject
Project("{8BC9CEB8-8B4A-11D0-8D11-00A0C91BC942}") = "Tutorial_18", "Tutorial_18\Tutorial_18.vcxproj", "{866F98DE-DFEE-41EB-980D-CB8AD8B7C4A2}"
EndProject
Project("{8BC9CEB8-8B4A-11D0-8D11-00A0C91BC942}") = "Tutorial_19", "Tutorial_19\Tutorial_19.vcxproj", "{52297C01-97B6-4215-9FE9-B96ACFD5DAB7}"
EndProject
Project("{8BC9CEB8-8B4A-11D0-8D11-00A0C91BC942}") = "OSG_fog", "OSG_fog\OSG_fog.vcxproj", "{68F7AFB1-BEFD-4626-B2D0-B9A71CDFAEEA}"
EndProject
Project("{8BC9CEB8-8B4A-11D0-8D11-00A0C91BC942}") = "OSG_snow", "OSG_snow\OSG_snow.vcxproj", "{B73C05A5-32BB-4F48-8B23-74A29C1E3BFE}"
EndProject
Project("{8BC9CEB8-8B4A-11D0-8D11-00A0C91BC942}") = "OSG_rain", "OSG_rain\OSG_rain.vcxproj", "{CE935934-4E8D-42D7-86AB-6EB3A66449F9}"
EndProject
Project("{8BC9CEB8-8B4A-11D0-8D11-00A0C91BC942}") = "OSG_explosion", "OSG_explosion\OSG_explosion.vcxproj", "{29700D09-BA4D-4AEB-8C55-BD99B17FBAB7}"
EndProject
Project("{8BC9CEB8-8B4A-11D0-8D11-00A0C91BC942}") = "OSG_particle", "OSG_particle\OSG_particle.vcxproj", "{D9E75282-F92B-4BA4-849A-8F341558DC69}"
EndProject
Project("{8BC9CEB8-8B4A-11D0-8D11-00A0C91BC942}") = "OSG_particle2", "OSG_particle2\OSG_particle2.vcxproj", "{A8E255AD-9AC3-4C41-BA84-21D4213803A7}"
EndProject
Project("{8BC9CEB8-8B4A-11D0-8D11-00A0C91BC942}") = "OSG_particle_save", "OSG_particle_save\OSG_particle_save.vcxproj", "{4D774A61-1C2E-4500-AFB0-6D84063ABB16}"
EndProject
Project("{8BC9CEB8-8B4A-11D0-8D11-00A0C91BC942}") = "OSG_QT", "OSG_QT\OSG_QT.vcxproj", "{E7AE1C51-C524-4A03-AEE1-53F4947606B3}"
EndProject
Project("{8BC9CEB8-8B4A-11D0-8D11-00A0C91BC942}") = "OSG_texture2D", "OSG_texture01\OSG_texture01.vcxproj", "{83BBF7D3-C3DF-4356-80AF-A22D3FCF3565}"
EndProject
Project("{8BC9CEB8-8B4A-11D0-8D11-00A0C91BC942}") = "OSG_stateset", "OSG_stateset\OSG_stateset.vcxproj", "{F086EE40-FBEC-4FFA-B0F0-0B8972AC8D80}"
EndProject
Project("{8BC9CEB8-8B4A-11D0-8D11-00A0C91BC942}") = "OSG_texture_multi", "OSG_texture_multi\OSG_texture_multi.vcxproj", "{2BAA8089-DCC5-4238-A2CD-0E7ACCFB6990}"
EndProject
Project("{8BC9CEB8-8B4A-11D0-8D11-00A0C91BC942}") = "OSG_texture_mipmap", "OSG_texture_mipmap\OSG_texture_mipmap.vcxproj", "{33A2CA31-C72D-4D0F-9A89-C20A3BFE3989}"
EndProject
Project("{8BC9CEB8-8B4A-11D0-8D11-00A0C91BC942}") = "OSG_texture_rectangle", "OSG_texture_rectangle\OSG_texture_rectangle.vcxproj", "{BCFE0AA4-6368-4D7B-B7F7-50B8EA3C7C73}"
EndProject
Project("{8BC9CEB8-8B4A-11D0-8D11-00A0C91BC942}") = "OSG_texture_gen", "OSG_texture_gen\OSG_texture_gen.vcxproj", "{17A09E74-75A7-4606-876C-2651D181E664}"
EndProject
Project("{8BC9CEB8-8B4A-11D0-8D11-00A0C91BC942}") = "OSG_texture_compute", "OSG_texture_compute\OSG_texture_compute.vcxproj", "{D1BEC02A-AD58-4886-8793-BB21A9B4350C}"
EndProject
Project("{8BC9CEB8-8B4A-11D0-8D11-00A0C91BC942}") = "OSG_texture_cubemap", "OSG_texture_cubemap\OSG_texture_cubemap.vcxproj", "{FF5B061F-8E13-4EE2-9821-F80C6F51549C}"
EndProject
Project("{8BC9CEB8-8B4A-11D0-8D11-00A0C91BC942}") = "OSG_texture_render2target", "OSG_texture_render2target\OSG_texture_render2target.vcxproj", "{1CB83417-0A66-465C-B1EC-747FCAC6FED4}"
EndProject
Project("{8BC9CEB8-8B4A-11D0-8D11-00A0C91BC942}") = "OSG_blend", "OSG_blend\OSG_blend.vcxproj", "{54CAE88E-D84F-410C-B00C-7F1F278E0688}"
EndProject
Project("{8BC9CEB8-8B4A-11D0-8D11-00A0C91BC942}") = "OSG_multirendertarget", "OSG_multirendertarget\OSG_multirendertarget.vcxproj", "{06412322-9BCE-49BF-85A9-32F7CFB84AFE}"
EndProject
Project("{8BC9CEB8-8B4A-11D0-8D11-00A0C91BC942}") = "OSG_render2target", "OSG_render2target\OSG_render2target.vcxproj", "{5004B44F-763C-49B7-B423-777F5F412CCE}"
EndProject
Project("{8BC9CEB8-8B4A-11D0-8D11-00A0C91BC942}") = "OSG_fbo", "OSG_fbo\OSG_fbo.vcxproj", "{4CA7AD2F-3C13-43D3-93C4-C83A288F2DC2}"
EndProject
Project("{8BC9CEB8-8B4A-11D0-8D11-00A0C91BC942}") = "OSG_osgprerender", "OSG_osgprerender\OSG_osgprerender.vcxproj", "{B8E61B4C-1C9D-420A-9389-1FA4EDE08C6E}"
EndProject
Project("{8BC9CEB8-8B4A-11D0-8D11-00A0C91BC942}") = "OSG_fbo_shader", "OSG_fbo_shader\OSG_fbo_shader.vcxproj", "{DF66A85D-4D77-4C99-BFB5-FBB10FDD45B8}"
EndProject
Project("{8BC9CEB8-8B4A-11D0-8D11-00A0C91BC942}") = "OSG_fbo_shader_2", "OSG_fbo_shader_2\OSG_fbo_shader_2.vcxproj", "{E056C7B7-B2C8-4AD6-A8B7-EE1056FD39E8}"
EndProject
Global
	GlobalSection(SolutionConfigurationPlatforms) = preSolution
		Debug|Win32 = Debug|Win32
		Release|Win32 = Release|Win32
	EndGlobalSection
	GlobalSection(ProjectConfigurationPlatforms) = postSolution
		{73BCCF7A-F201-4005-A8A2-E7529C257DAD}.Debug|Win32.ActiveCfg = Debug|Win32
		{73BCCF7A-F201-4005-A8A2-E7529C257DAD}.Debug|Win32.Build.0 = Debug|Win32
		{73BCCF7A-F201-4005-A8A2-E7529C257DAD}.Release|Win32.ActiveCfg = Release|Win32
		{73BCCF7A-F201-4005-A8A2-E7529C257DAD}.Release|Win32.Build.0 = Release|Win32
		{72F4941F-76B7-4F36-971E-044A0074A339}.Debug|Win32.ActiveCfg = Debug|Win32
		{72F4941F-76B7-4F36-971E-044A0074A339}.Debug|Win32.Build.0 = Debug|Win32
		{72F4941F-76B7-4F36-971E-044A0074A339}.Release|Win32.ActiveCfg = Release|Win32
		{72F4941F-76B7-4F36-971E-044A0074A339}.Release|Win32.Build.0 = Release|Win32
		{BC36D22F-CA3F-4BCA-B425-60A974AAA9E6}.Debug|Win32.ActiveCfg = Debug|Win32
		{BC36D22F-CA3F-4BCA-B425-60A974AAA9E6}.Debug|Win32.Build.0 = Debug|Win32
		{BC36D22F-CA3F-4BCA-B425-60A974AAA9E6}.Release|Win32.ActiveCfg = Release|Win32
		{BC36D22F-CA3F-4BCA-B425-60A974AAA9E6}.Release|Win32.Build.0 = Release|Win32
		{4CAAAFCF-98E3-431D-8F21-1F3A3DE49C72}.Debug|Win32.ActiveCfg = Debug|Win32
		{4CAAAFCF-98E3-431D-8F21-1F3A3DE49C72}.Debug|Win32.Build.0 = Debug|Win32
		{4CAAAFCF-98E3-431D-8F21-1F3A3DE49C72}.Release|Win32.ActiveCfg = Release|Win32
		{4CAAAFCF-98E3-431D-8F21-1F3A3DE49C72}.Release|Win32.Build.0 = Release|Win32
		{5128182C-EFD1-42AF-BF52-3ACBA04D2F2B}.Debug|Win32.ActiveCfg = Debug|Win32
		{5128182C-EFD1-42AF-BF52-3ACBA04D2F2B}.Debug|Win32.Build.0 = Debug|Win32
		{5128182C-EFD1-42AF-BF52-3ACBA04D2F2B}.Release|Win32.ActiveCfg = Release|Win32
		{5128182C-EFD1-42AF-BF52-3ACBA04D2F2B}.Release|Win32.Build.0 = Release|Win32
		{4D2AE619-B4D3-40FF-9A0B-681342EBB446}.Debug|Win32.ActiveCfg = Debug|Win32
		{4D2AE619-B4D3-40FF-9A0B-681342EBB446}.Debug|Win32.Build.0 = Debug|Win32
		{4D2AE619-B4D3-40FF-9A0B-681342EBB446}.Release|Win32.ActiveCfg = Release|Win32
		{4D2AE619-B4D3-40FF-9A0B-681342EBB446}.Release|Win32.Build.0 = Release|Win32
		{EEE0B36C-31F7-4117-AD68-70CCD5E62796}.Debug|Win32.ActiveCfg = Debug|Win32
		{EEE0B36C-31F7-4117-AD68-70CCD5E62796}.Debug|Win32.Build.0 = Debug|Win32
		{EEE0B36C-31F7-4117-AD68-70CCD5E62796}.Release|Win32.ActiveCfg = Release|Win32
		{EEE0B36C-31F7-4117-AD68-70CCD5E62796}.Release|Win32.Build.0 = Release|Win32
		{7DA4C771-CF7E-46C7-A4F3-B1FCD760C668}.Debug|Win32.ActiveCfg = Debug|Win32
		{7DA4C771-CF7E-46C7-A4F3-B1FCD760C668}.Debug|Win32.Build.0 = Debug|Win32
		{7DA4C771-CF7E-46C7-A4F3-B1FCD760C668}.Release|Win32.ActiveCfg = Release|Win32
		{7DA4C771-CF7E-46C7-A4F3-B1FCD760C668}.Release|Win32.Build.0 = Release|Win32
		{46FA7B10-B846-40DB-B8E6-79294C34F686}.Debug|Win32.ActiveCfg = Debug|Win32
		{46FA7B10-B846-40DB-B8E6-79294C34F686}.Debug|Win32.Build.0 = Debug|Win32
		{46FA7B10-B846-40DB-B8E6-79294C34F686}.Release|Win32.ActiveCfg = Release|Win32
		{46FA7B10-B846-40DB-B8E6-79294C34F686}.Release|Win32.Build.0 = Release|Win32
		{9CECA66F-C268-4425-9803-801BDDAE8174}.Debug|Win32.ActiveCfg = Debug|Win32
		{9CECA66F-C268-4425-9803-801BDDAE8174}.Debug|Win32.Build.0 = Debug|Win32
		{9CECA66F-C268-4425-9803-801BDDAE8174}.Release|Win32.ActiveCfg = Release|Win32
		{9CECA66F-C268-4425-9803-801BDDAE8174}.Release|Win32.Build.0 = Release|Win32
		{BE228DC8-E9AF-46FC-A479-7C592435C2A5}.Debug|Win32.ActiveCfg = Debug|Win32
		{BE228DC8-E9AF-46FC-A479-7C592435C2A5}.Debug|Win32.Build.0 = Debug|Win32
		{BE228DC8-E9AF-46FC-A479-7C592435C2A5}.Release|Win32.ActiveCfg = Release|Win32
		{BE228DC8-E9AF-46FC-A479-7C592435C2A5}.Release|Win32.Build.0 = Release|Win32
		{12FEC8D6-BF55-461E-A3EC-DCE13F87FBB9}.Debug|Win32.ActiveCfg = Debug|Win32
		{12FEC8D6-BF55-461E-A3EC-DCE13F87FBB9}.Debug|Win32.Build.0 = Debug|Win32
		{12FEC8D6-BF55-461E-A3EC-DCE13F87FBB9}.Release|Win32.ActiveCfg = Release|Win32
		{12FEC8D6-BF55-461E-A3EC-DCE13F87FBB9}.Release|Win32.Build.0 = Release|Win32
		{C83F185D-38E6-4B53-8D11-580281F8F676}.Debug|Win32.ActiveCfg = Debug|Win32
		{C83F185D-38E6-4B53-8D11-580281F8F676}.Debug|Win32.Build.0 = Debug|Win32
		{C83F185D-38E6-4B53-8D11-580281F8F676}.Release|Win32.ActiveCfg = Release|Win32
		{C83F185D-38E6-4B53-8D11-580281F8F676}.Release|Win32.Build.0 = Release|Win32
		{88A8BB00-6AD8-4F43-8932-1062B661457F}.Debug|Win32.ActiveCfg = Debug|Win32
		{88A8BB00-6AD8-4F43-8932-1062B661457F}.Debug|Win32.Build.0 = Debug|Win32
		{88A8BB00-6AD8-4F43-8932-1062B661457F}.Release|Win32.ActiveCfg = Release|Win32
		{88A8BB00-6AD8-4F43-8932-1062B661457F}.Release|Win32.Build.0 = Release|Win32
		{3D570BFD-4FA8-404D-9889-298E9C3AFD7C}.Debug|Win32.ActiveCfg = Debug|Win32
		{3D570BFD-4FA8-404D-9889-298E9C3AFD7C}.Debug|Win32.Build.0 = Debug|Win32
		{3D570BFD-4FA8-404D-9889-298E9C3AFD7C}.Release|Win32.ActiveCfg = Release|Win32
		{3D570BFD-4FA8-404D-9889-298E9C3AFD7C}.Release|Win32.Build.0 = Release|Win32
		{7E9AC915-8F79-405D-ACEE-0537D347D820}.Debug|Win32.ActiveCfg = Debug|Win32
		{7E9AC915-8F79-405D-ACEE-0537D347D820}.Debug|Win32.Build.0 = Debug|Win32
		{7E9AC915-8F79-405D-ACEE-0537D347D820}.Release|Win32.ActiveCfg = Release|Win32
		{7E9AC915-8F79-405D-ACEE-0537D347D820}.Release|Win32.Build.0 = Release|Win32
		{B1CFE4F4-4306-4C45-AB64-F6AC331AA5F3}.Debug|Win32.ActiveCfg = Debug|Win32
		{B1CFE4F4-4306-4C45-AB64-F6AC331AA5F3}.Debug|Win32.Build.0 = Debug|Win32
		{B1CFE4F4-4306-4C45-AB64-F6AC331AA5F3}.Release|Win32.ActiveCfg = Release|Win32
		{B1CFE4F4-4306-4C45-AB64-F6AC331AA5F3}.Release|Win32.Build.0 = Release|Win32
		{894D69BB-1908-42A5-BA68-1CE688171026}.Debug|Win32.ActiveCfg = Debug|Win32
		{894D69BB-1908-42A5-BA68-1CE688171026}.Debug|Win32.Build.0 = Debug|Win32
		{894D69BB-1908-42A5-BA68-1CE688171026}.Release|Win32.ActiveCfg = Release|Win32
		{894D69BB-1908-42A5-BA68-1CE688171026}.Release|Win32.Build.0 = Release|Win32
		{866F98DE-DFEE-41EB-980D-CB8AD8B7C4A2}.Debug|Win32.ActiveCfg = Debug|Win32
		{866F98DE-DFEE-41EB-980D-CB8AD8B7C4A2}.Debug|Win32.Build.0 = Debug|Win32
		{866F98DE-DFEE-41EB-980D-CB8AD8B7C4A2}.Release|Win32.ActiveCfg = Release|Win32
		{866F98DE-DFEE-41EB-980D-CB8AD8B7C4A2}.Release|Win32.Build.0 = Release|Win32
		{52297C01-97B6-4215-9FE9-B96ACFD5DAB7}.Debug|Win32.ActiveCfg = Debug|Win32
		{52297C01-97B6-4215-9FE9-B96ACFD5DAB7}.Debug|Win32.Build.0 = Debug|Win32
		{52297C01-97B6-4215-9FE9-B96ACFD5DAB7}.Release|Win32.ActiveCfg = Release|Win32
		{52297C01-97B6-4215-9FE9-B96ACFD5DAB7}.Release|Win32.Build.0 = Release|Win32
		{68F7AFB1-BEFD-4626-B2D0-B9A71CDFAEEA}.Debug|Win32.ActiveCfg = Debug|Win32
		{68F7AFB1-BEFD-4626-B2D0-B9A71CDFAEEA}.Debug|Win32.Build.0 = Debug|Win32
		{68F7AFB1-BEFD-4626-B2D0-B9A71CDFAEEA}.Release|Win32.ActiveCfg = Release|Win32
		{68F7AFB1-BEFD-4626-B2D0-B9A71CDFAEEA}.Release|Win32.Build.0 = Release|Win32
		{B73C05A5-32BB-4F48-8B23-74A29C1E3BFE}.Debug|Win32.ActiveCfg = Debug|Win32
		{B73C05A5-32BB-4F48-8B23-74A29C1E3BFE}.Debug|Win32.Build.0 = Debug|Win32
		{B73C05A5-32BB-4F48-8B23-74A29C1E3BFE}.Release|Win32.ActiveCfg = Release|Win32
		{B73C05A5-32BB-4F48-8B23-74A29C1E3BFE}.Release|Win32.Build.0 = Release|Win32
		{CE935934-4E8D-42D7-86AB-6EB3A66449F9}.Debug|Win32.ActiveCfg = Debug|Win32
		{CE935934-4E8D-42D7-86AB-6EB3A66449F9}.Debug|Win32.Build.0 = Debug|Win32
		{CE935934-4E8D-42D7-86AB-6EB3A66449F9}.Release|Win32.ActiveCfg = Release|Win32
		{CE935934-4E8D-42D7-86AB-6EB3A66449F9}.Release|Win32.Build.0 = Release|Win32
		{29700D09-BA4D-4AEB-8C55-BD99B17FBAB7}.Debug|Win32.ActiveCfg = Debug|Win32
		{29700D09-BA4D-4AEB-8C55-BD99B17FBAB7}.Debug|Win32.Build.0 = Debug|Win32
		{29700D09-BA4D-4AEB-8C55-BD99B17FBAB7}.Release|Win32.ActiveCfg = Release|Win32
		{29700D09-BA4D-4AEB-8C55-BD99B17FBAB7}.Release|Win32.Build.0 = Release|Win32
		{D9E75282-F92B-4BA4-849A-8F341558DC69}.Debug|Win32.ActiveCfg = Debug|Win32
		{D9E75282-F92B-4BA4-849A-8F341558DC69}.Debug|Win32.Build.0 = Debug|Win32
		{D9E75282-F92B-4BA4-849A-8F341558DC69}.Release|Win32.ActiveCfg = Release|Win32
		{D9E75282-F92B-4BA4-849A-8F341558DC69}.Release|Win32.Build.0 = Release|Win32
		{A8E255AD-9AC3-4C41-BA84-21D4213803A7}.Debug|Win32.ActiveCfg = Debug|Win32
		{A8E255AD-9AC3-4C41-BA84-21D4213803A7}.Debug|Win32.Build.0 = Debug|Win32
		{A8E255AD-9AC3-4C41-BA84-21D4213803A7}.Release|Win32.ActiveCfg = Release|Win32
		{A8E255AD-9AC3-4C41-BA84-21D4213803A7}.Release|Win32.Build.0 = Release|Win32
		{4D774A61-1C2E-4500-AFB0-6D84063ABB16}.Debug|Win32.ActiveCfg = Debug|Win32
		{4D774A61-1C2E-4500-AFB0-6D84063ABB16}.Debug|Win32.Build.0 = Debug|Win32
		{4D774A61-1C2E-4500-AFB0-6D84063ABB16}.Release|Win32.ActiveCfg = Release|Win32
		{4D774A61-1C2E-4500-AFB0-6D84063ABB16}.Release|Win32.Build.0 = Release|Win32
		{E7AE1C51-C524-4A03-AEE1-53F4947606B3}.Debug|Win32.ActiveCfg = Debug|Win32
		{E7AE1C51-C524-4A03-AEE1-53F4947606B3}.Debug|Win32.Build.0 = Debug|Win32
		{E7AE1C51-C524-4A03-AEE1-53F4947606B3}.Release|Win32.ActiveCfg = Release|Win32
		{E7AE1C51-C524-4A03-AEE1-53F4947606B3}.Release|Win32.Build.0 = Release|Win32
		{83BBF7D3-C3DF-4356-80AF-A22D3FCF3565}.Debug|Win32.ActiveCfg = Debug|Win32
		{83BBF7D3-C3DF-4356-80AF-A22D3FCF3565}.Debug|Win32.Build.0 = Debug|Win32
		{83BBF7D3-C3DF-4356-80AF-A22D3FCF3565}.Release|Win32.ActiveCfg = Release|Win32
		{83BBF7D3-C3DF-4356-80AF-A22D3FCF3565}.Release|Win32.Build.0 = Release|Win32
		{F086EE40-FBEC-4FFA-B0F0-0B8972AC8D80}.Debug|Win32.ActiveCfg = Debug|Win32
		{F086EE40-FBEC-4FFA-B0F0-0B8972AC8D80}.Debug|Win32.Build.0 = Debug|Win32
		{F086EE40-FBEC-4FFA-B0F0-0B8972AC8D80}.Release|Win32.ActiveCfg = Release|Win32
		{F086EE40-FBEC-4FFA-B0F0-0B8972AC8D80}.Release|Win32.Build.0 = Release|Win32
		{2BAA8089-DCC5-4238-A2CD-0E7ACCFB6990}.Debug|Win32.ActiveCfg = Debug|Win32
		{2BAA8089-DCC5-4238-A2CD-0E7ACCFB6990}.Debug|Win32.Build.0 = Debug|Win32
		{2BAA8089-DCC5-4238-A2CD-0E7ACCFB6990}.Release|Win32.ActiveCfg = Release|Win32
		{2BAA8089-DCC5-4238-A2CD-0E7ACCFB6990}.Release|Win32.Build.0 = Release|Win32
		{33A2CA31-C72D-4D0F-9A89-C20A3BFE3989}.Debug|Win32.ActiveCfg = Debug|Win32
		{33A2CA31-C72D-4D0F-9A89-C20A3BFE3989}.Debug|Win32.Build.0 = Debug|Win32
		{33A2CA31-C72D-4D0F-9A89-C20A3BFE3989}.Release|Win32.ActiveCfg = Release|Win32
		{33A2CA31-C72D-4D0F-9A89-C20A3BFE3989}.Release|Win32.Build.0 = Release|Win32
		{BCFE0AA4-6368-4D7B-B7F7-50B8EA3C7C73}.Debug|Win32.ActiveCfg = Debug|Win32
		{BCFE0AA4-6368-4D7B-B7F7-50B8EA3C7C73}.Debug|Win32.Build.0 = Debug|Win32
		{BCFE0AA4-6368-4D7B-B7F7-50B8EA3C7C73}.Release|Win32.ActiveCfg = Release|Win32
		{BCFE0AA4-6368-4D7B-B7F7-50B8EA3C7C73}.Release|Win32.Build.0 = Release|Win32
		{17A09E74-75A7-4606-876C-2651D181E664}.Debug|Win32.ActiveCfg = Debug|Win32
		{17A09E74-75A7-4606-876C-2651D181E664}.Debug|Win32.Build.0 = Debug|Win32
		{17A09E74-75A7-4606-876C-2651D181E664}.Release|Win32.ActiveCfg = Release|Win32
		{17A09E74-75A7-4606-876C-2651D181E664}.Release|Win32.Build.0 = Release|Win32
		{D1BEC02A-AD58-4886-8793-BB21A9B4350C}.Debug|Win32.ActiveCfg = Debug|Win32
		{D1BEC02A-AD58-4886-8793-BB21A9B4350C}.Debug|Win32.Build.0 = Debug|Win32
		{D1BEC02A-AD58-4886-8793-BB21A9B4350C}.Release|Win32.ActiveCfg = Release|Win32
		{D1BEC02A-AD58-4886-8793-BB21A9B4350C}.Release|Win32.Build.0 = Release|Win32
		{FF5B061F-8E13-4EE2-9821-F80C6F51549C}.Debug|Win32.ActiveCfg = Debug|Win32
		{FF5B061F-8E13-4EE2-9821-F80C6F51549C}.Debug|Win32.Build.0 = Debug|Win32
		{FF5B061F-8E13-4EE2-9821-F80C6F51549C}.Release|Win32.ActiveCfg = Release|Win32
		{FF5B061F-8E13-4EE2-9821-F80C6F51549C}.Release|Win32.Build.0 = Release|Win32
		{1CB83417-0A66-465C-B1EC-747FCAC6FED4}.Debug|Win32.ActiveCfg = Debug|Win32
		{1CB83417-0A66-465C-B1EC-747FCAC6FED4}.Debug|Win32.Build.0 = Debug|Win32
		{1CB83417-0A66-465C-B1EC-747FCAC6FED4}.Release|Win32.ActiveCfg = Release|Win32
		{1CB83417-0A66-465C-B1EC-747FCAC6FED4}.Release|Win32.Build.0 = Release|Win32
		{54CAE88E-D84F-410C-B00C-7F1F278E0688}.Debug|Win32.ActiveCfg = Debug|Win32
		{54CAE88E-D84F-410C-B00C-7F1F278E0688}.Debug|Win32.Build.0 = Debug|Win32
		{54CAE88E-D84F-410C-B00C-7F1F278E0688}.Release|Win32.ActiveCfg = Release|Win32
		{54CAE88E-D84F-410C-B00C-7F1F278E0688}.Release|Win32.Build.0 = Release|Win32
		{06412322-9BCE-49BF-85A9-32F7CFB84AFE}.Debug|Win32.ActiveCfg = Debug|Win32
		{06412322-9BCE-49BF-85A9-32F7CFB84AFE}.Debug|Win32.Build.0 = Debug|Win32
		{06412322-9BCE-49BF-85A9-32F7CFB84AFE}.Release|Win32.ActiveCfg = Release|Win32
		{06412322-9BCE-49BF-85A9-32F7CFB84AFE}.Release|Win32.Build.0 = Release|Win32
		{5004B44F-763C-49B7-B423-777F5F412CCE}.Debug|Win32.ActiveCfg = Debug|Win32
		{5004B44F-763C-49B7-B423-777F5F412CCE}.Debug|Win32.Build.0 = Debug|Win32
		{5004B44F-763C-49B7-B423-777F5F412CCE}.Release|Win32.ActiveCfg = Release|Win32
		{5004B44F-763C-49B7-B423-777F5F412CCE}.Release|Win32.Build.0 = Release|Win32
		{4CA7AD2F-3C13-43D3-93C4-C83A288F2DC2}.Debug|Win32.ActiveCfg = Debug|Win32
		{4CA7AD2F-3C13-43D3-93C4-C83A288F2DC2}.Debug|Win32.Build.0 = Debug|Win32
		{4CA7AD2F-3C13-43D3-93C4-C83A288F2DC2}.Release|Win32.ActiveCfg = Release|Win32
		{4CA7AD2F-3C13-43D3-93C4-C83A288F2DC2}.Release|Win32.Build.0 = Release|Win32
		{B8E61B4C-1C9D-420A-9389-1FA4EDE08C6E}.Debug|Win32.ActiveCfg = Debug|Win32
		{B8E61B4C-1C9D-420A-9389-1FA4EDE08C6E}.Debug|Win32.Build.0 = Debug|Win32
		{B8E61B4C-1C9D-420A-9389-1FA4EDE08C6E}.Release|Win32.ActiveCfg = Release|Win32
		{B8E61B4C-1C9D-420A-9389-1FA4EDE08C6E}.Release|Win32.Build.0 = Release|Win32
		{DF66A85D-4D77-4C99-BFB5-FBB10FDD45B8}.Debug|Win32.ActiveCfg = Debug|Win32
		{DF66A85D-4D77-4C99-BFB5-FBB10FDD45B8}.Debug|Win32.Build.0 = Debug|Win32
		{DF66A85D-4D77-4C99-BFB5-FBB10FDD45B8}.Release|Win32.ActiveCfg = Release|Win32
		{DF66A85D-4D77-4C99-BFB5-FBB10FDD45B8}.Release|Win32.Build.0 = Release|Win32
		{E056C7B7-B2C8-4AD6-A8B7-EE1056FD39E8}.Debug|Win32.ActiveCfg = Debug|Win32
		{E056C7B7-B2C8-4AD6-A8B7-EE1056FD39E8}.Debug|Win32.Build.0 = Debug|Win32
		{E056C7B7-B2C8-4AD6-A8B7-EE1056FD39E8}.Release|Win32.ActiveCfg = Release|Win32
		{E056C7B7-B2C8-4AD6-A8B7-EE1056FD39E8}.Release|Win32.Build.0 = Release|Win32
	EndGlobalSection
	GlobalSection(SolutionProperties) = preSolution
		HideSolutionNode = FALSE
	EndGlobalSection
EndGlobal
